// !$*UTF8*$!
{
	archiveVersion = 1;
	classes = {
	};
	objectVersion = 56;
	objects = {

/* Begin PBXBuildFile section */
		E175C7B4290ACA99004BB947 /* Parser.swift in Sources */ = {isa = PBXBuildFile; fileRef = E175C7B3290ACA99004BB947 /* Parser.swift */; };
		E1B1513B2904EDC700A3EE36 /* SFSymbolParserGen.docc in Sources */ = {isa = PBXBuildFile; fileRef = E1B1513A2904EDC700A3EE36 /* SFSymbolParserGen.docc */; };
		E1B151412904EDC700A3EE36 /* SFSymbolParserGen.framework in Frameworks */ = {isa = PBXBuildFile; fileRef = E1B151362904EDC700A3EE36 /* SFSymbolParserGen.framework */; };
		E1B151462904EDC700A3EE36 /* SFSymbolParserGenTests.swift in Sources */ = {isa = PBXBuildFile; fileRef = E1B151452904EDC700A3EE36 /* SFSymbolParserGenTests.swift */; };
		E1B151472904EDC700A3EE36 /* SFSymbolParserGen.h in Headers */ = {isa = PBXBuildFile; fileRef = E1B151392904EDC700A3EE36 /* SFSymbolParserGen.h */; settings = {ATTRIBUTES = (Public, ); }; };
		E1B151512904EEB600A3EE36 /* SymbolStringParser.swift in Sources */ = {isa = PBXBuildFile; fileRef = E1B151502904EEB600A3EE36 /* SymbolStringParser.swift */; };
		E1B1515329081FFD00A3EE36 /* EnumGen.swift in Sources */ = {isa = PBXBuildFile; fileRef = E1B1515229081FFD00A3EE36 /* EnumGen.swift */; };
/* End PBXBuildFile section */

/* Begin PBXContainerItemProxy section */
		E1B151422904EDC700A3EE36 /* PBXContainerItemProxy */ = {
			isa = PBXContainerItemProxy;
			containerPortal = E1B1512D2904EDC700A3EE36 /* Project object */;
			proxyType = 1;
			remoteGlobalIDString = E1B151352904EDC700A3EE36;
			remoteInfo = SFSymbolParserGen;
		};
/* End PBXContainerItemProxy section */

/* Begin PBXFileReference section */
		E175C7B3290ACA99004BB947 /* Parser.swift */ = {isa = PBXFileReference; lastKnownFileType = sourcecode.swift; path = Parser.swift; sourceTree = "<group>"; };
		E1B151362904EDC700A3EE36 /* SFSymbolParserGen.framework */ = {isa = PBXFileReference; explicitFileType = wrapper.framework; includeInIndex = 0; path = SFSymbolParserGen.framework; sourceTree = BUILT_PRODUCTS_DIR; };
		E1B151392904EDC700A3EE36 /* SFSymbolParserGen.h */ = {isa = PBXFileReference; lastKnownFileType = sourcecode.c.h; path = SFSymbolParserGen.h; sourceTree = "<group>"; };
		E1B1513A2904EDC700A3EE36 /* SFSymbolParserGen.docc */ = {isa = PBXFileReference; lastKnownFileType = folder.documentationcatalog; path = SFSymbolParserGen.docc; sourceTree = "<group>"; };
		E1B151402904EDC700A3EE36 /* SFSymbolParserGenTests.xctest */ = {isa = PBXFileReference; explicitFileType = wrapper.cfbundle; includeInIndex = 0; path = SFSymbolParserGenTests.xctest; sourceTree = BUILT_PRODUCTS_DIR; };
		E1B151452904EDC700A3EE36 /* SFSymbolParserGenTests.swift */ = {isa = PBXFileReference; lastKnownFileType = sourcecode.swift; path = SFSymbolParserGenTests.swift; sourceTree = "<group>"; };
		E1B151502904EEB600A3EE36 /* SymbolStringParser.swift */ = {isa = PBXFileReference; lastKnownFileType = sourcecode.swift; path = SymbolStringParser.swift; sourceTree = "<group>"; };
		E1B1515229081FFD00A3EE36 /* EnumGen.swift */ = {isa = PBXFileReference; lastKnownFileType = sourcecode.swift; path = EnumGen.swift; sourceTree = "<group>"; };
/* End PBXFileReference section */

/* Begin PBXFrameworksBuildPhase section */
		E1B151332904EDC700A3EE36 /* Frameworks */ = {
			isa = PBXFrameworksBuildPhase;
			buildActionMask = 2147483647;
			files = (
			);
			runOnlyForDeploymentPostprocessing = 0;
		};
		E1B1513D2904EDC700A3EE36 /* Frameworks */ = {
			isa = PBXFrameworksBuildPhase;
			buildActionMask = 2147483647;
			files = (
				E1B151412904EDC700A3EE36 /* SFSymbolParserGen.framework in Frameworks */,
			);
			runOnlyForDeploymentPostprocessing = 0;
		};
/* End PBXFrameworksBuildPhase section */

/* Begin PBXGroup section */
		E175C7C5290AD7D2004BB947 /* Frameworks */ = {
			isa = PBXGroup;
			children = (
			);
			name = Frameworks;
			sourceTree = "<group>";
		};
		E1B1512C2904EDC700A3EE36 = {
			isa = PBXGroup;
			children = (
				E1B151382904EDC700A3EE36 /* SFSymbolParserGen */,
				E1B151442904EDC700A3EE36 /* SFSymbolParserGenTests */,
				E1B151372904EDC700A3EE36 /* Products */,
				E175C7C5290AD7D2004BB947 /* Frameworks */,
			);
			sourceTree = "<group>";
		};
		E1B151372904EDC700A3EE36 /* Products */ = {
			isa = PBXGroup;
			children = (
				E1B151362904EDC700A3EE36 /* SFSymbolParserGen.framework */,
				E1B151402904EDC700A3EE36 /* SFSymbolParserGenTests.xctest */,
			);
			name = Products;
			sourceTree = "<group>";
		};
		E1B151382904EDC700A3EE36 /* SFSymbolParserGen */ = {
			isa = PBXGroup;
			children = (
				E1B151392904EDC700A3EE36 /* SFSymbolParserGen.h */,
				E1B1513A2904EDC700A3EE36 /* SFSymbolParserGen.docc */,
				E1B151502904EEB600A3EE36 /* SymbolStringParser.swift */,
				E1B1515229081FFD00A3EE36 /* EnumGen.swift */,
				E175C7B3290ACA99004BB947 /* Parser.swift */,
			);
			path = SFSymbolParserGen;
			sourceTree = "<group>";
		};
		E1B151442904EDC700A3EE36 /* SFSymbolParserGenTests */ = {
			isa = PBXGroup;
			children = (
				E1B151452904EDC700A3EE36 /* SFSymbolParserGenTests.swift */,
			);
			path = SFSymbolParserGenTests;
			sourceTree = "<group>";
		};
/* End PBXGroup section */

/* Begin PBXHeadersBuildPhase section */
		E1B151312904EDC700A3EE36 /* Headers */ = {
			isa = PBXHeadersBuildPhase;
			buildActionMask = 2147483647;
			files = (
				E1B151472904EDC700A3EE36 /* SFSymbolParserGen.h in Headers */,
			);
			runOnlyForDeploymentPostprocessing = 0;
		};
/* End PBXHeadersBuildPhase section */

/* Begin PBXNativeTarget section */
		E1B151352904EDC700A3EE36 /* SFSymbolParserGen */ = {
			isa = PBXNativeTarget;
			buildConfigurationList = E1B1514A2904EDC700A3EE36 /* Build configuration list for PBXNativeTarget "SFSymbolParserGen" */;
			buildPhases = (
				E1B151312904EDC700A3EE36 /* Headers */,
				E1B151322904EDC700A3EE36 /* Sources */,
				E1B151332904EDC700A3EE36 /* Frameworks */,
				E1B151342904EDC700A3EE36 /* Resources */,
			);
			buildRules = (
			);
			dependencies = (
			);
			name = SFSymbolParserGen;
			packageProductDependencies = (
			);
			productName = SFSymbolParserGen;
			productReference = E1B151362904EDC700A3EE36 /* SFSymbolParserGen.framework */;
			productType = "com.apple.product-type.framework";
		};
		E1B1513F2904EDC700A3EE36 /* SFSymbolParserGenTests */ = {
			isa = PBXNativeTarget;
			buildConfigurationList = E1B1514D2904EDC700A3EE36 /* Build configuration list for PBXNativeTarget "SFSymbolParserGenTests" */;
			buildPhases = (
				E1B1513C2904EDC700A3EE36 /* Sources */,
				E1B1513D2904EDC700A3EE36 /* Frameworks */,
				E1B1513E2904EDC700A3EE36 /* Resources */,
			);
			buildRules = (
			);
			dependencies = (
				E1B151432904EDC700A3EE36 /* PBXTargetDependency */,
			);
			name = SFSymbolParserGenTests;
			productName = SFSymbolParserGenTests;
			productReference = E1B151402904EDC700A3EE36 /* SFSymbolParserGenTests.xctest */;
			productType = "com.apple.product-type.bundle.unit-test";
		};
/* End PBXNativeTarget section */

/* Begin PBXProject section */
		E1B1512D2904EDC700A3EE36 /* Project object */ = {
			isa = PBXProject;
			attributes = {
				BuildIndependentTargetsInParallel = 1;
				LastSwiftUpdateCheck = 1400;
				LastUpgradeCheck = 1400;
				TargetAttributes = {
					E1B151352904EDC700A3EE36 = {
						CreatedOnToolsVersion = 14.0.1;
					};
					E1B1513F2904EDC700A3EE36 = {
						CreatedOnToolsVersion = 14.0.1;
					};
				};
			};
			buildConfigurationList = E1B151302904EDC700A3EE36 /* Build configuration list for PBXProject "SFSymbolParserGen" */;
			compatibilityVersion = "Xcode 14.0";
			developmentRegion = en;
			hasScannedForEncodings = 0;
			knownRegions = (
				en,
				Base,
			);
			mainGroup = E1B1512C2904EDC700A3EE36;
			packageReferences = (
				E175C7C0290AD761004BB947 /* XCRemoteSwiftPackageReference "swift-argument-parser" */,
			);
			productRefGroup = E1B151372904EDC700A3EE36 /* Products */;
			projectDirPath = "";
			projectRoot = "";
			targets = (
				E1B151352904EDC700A3EE36 /* SFSymbolParserGen */,
				E1B1513F2904EDC700A3EE36 /* SFSymbolParserGenTests */,
			);
		};
/* End PBXProject section */

/* Begin PBXResourcesBuildPhase section */
		E1B151342904EDC700A3EE36 /* Resources */ = {
			isa = PBXResourcesBuildPhase;
			buildActionMask = 2147483647;
			files = (
			);
			runOnlyForDeploymentPostprocessing = 0;
		};
		E1B1513E2904EDC700A3EE36 /* Resources */ = {
			isa = PBXResourcesBuildPhase;
			buildActionMask = 2147483647;
			files = (
			);
			runOnlyForDeploymentPostprocessing = 0;
		};
/* End PBXResourcesBuildPhase section */

/* Begin PBXSourcesBuildPhase section */
		E1B151322904EDC700A3EE36 /* Sources */ = {
			isa = PBXSourcesBuildPhase;
			buildActionMask = 2147483647;
			files = (
				E175C7B4290ACA99004BB947 /* Parser.swift in Sources */,
				E1B1515329081FFD00A3EE36 /* EnumGen.swift in Sources */,
				E1B1513B2904EDC700A3EE36 /* SFSymbolParserGen.docc in Sources */,
				E1B151512904EEB600A3EE36 /* SymbolStringParser.swift in Sources */,
			);
			runOnlyForDeploymentPostprocessing = 0;
		};
		E1B1513C2904EDC700A3EE36 /* Sources */ = {
			isa = PBXSourcesBuildPhase;
			buildActionMask = 2147483647;
			files = (
				E1B151462904EDC700A3EE36 /* SFSymbolParserGenTests.swift in Sources */,
			);
			runOnlyForDeploymentPostprocessing = 0;
		};
/* End PBXSourcesBuildPhase section */

/* Begin PBXTargetDependency section */
		E1B151432904EDC700A3EE36 /* PBXTargetDependency */ = {
			isa = PBXTargetDependency;
			target = E1B151352904EDC700A3EE36 /* SFSymbolParserGen */;
			targetProxy = E1B151422904EDC700A3EE36 /* PBXContainerItemProxy */;
		};
/* End PBXTargetDependency section */

/* Begin XCBuildConfiguration section */
		E1B151482904EDC700A3EE36 /* Debug */ = {
			isa = XCBuildConfiguration;
			buildSettings = {
				ALWAYS_SEARCH_USER_PATHS = NO;
				CLANG_ANALYZER_NONNULL = YES;
				CLANG_ANALYZER_NUMBER_OBJECT_CONVERSION = YES_AGGRESSIVE;
				CLANG_CXX_LANGUAGE_STANDARD = "gnu++20";
				CLANG_ENABLE_MODULES = YES;
				CLANG_ENABLE_OBJC_ARC = YES;
				CLANG_ENABLE_OBJC_WEAK = YES;
				CLANG_WARN_BLOCK_CAPTURE_AUTORELEASING = YES;
				CLANG_WARN_BOOL_CONVERSION = YES;
				CLANG_WARN_COMMA = YES;
				CLANG_WARN_CONSTANT_CONVERSION = YES;
				CLANG_WARN_DEPRECATED_OBJC_IMPLEMENTATIONS = YES;
				CLANG_WARN_DIRECT_OBJC_ISA_USAGE = YES_ERROR;
				CLANG_WARN_DOCUMENTATION_COMMENTS = YES;
				CLANG_WARN_EMPTY_BODY = YES;
				CLANG_WARN_ENUM_CONVERSION = YES;
				CLANG_WARN_INFINITE_RECURSION = YES;
				CLANG_WARN_INT_CONVERSION = YES;
				CLANG_WARN_NON_LITERAL_NULL_CONVERSION = YES;
				CLANG_WARN_OBJC_IMPLICIT_RETAIN_SELF = YES;
				CLANG_WARN_OBJC_LITERAL_CONVERSION = YES;
				CLANG_WARN_OBJC_ROOT_CLASS = YES_ERROR;
				CLANG_WARN_QUOTED_INCLUDE_IN_FRAMEWORK_HEADER = YES;
				CLANG_WARN_RANGE_LOOP_ANALYSIS = YES;
				CLANG_WARN_STRICT_PROTOTYPES = YES;
				CLANG_WARN_SUSPICIOUS_MOVE = YES;
				CLANG_WARN_UNGUARDED_AVAILABILITY = YES_AGGRESSIVE;
				CLANG_WARN_UNREACHABLE_CODE = YES;
				CLANG_WARN__DUPLICATE_METHOD_MATCH = YES;
				COPY_PHASE_STRIP = NO;
				CURRENT_PROJECT_VERSION = 1;
				DEBUG_INFORMATION_FORMAT = dwarf;
				ENABLE_STRICT_OBJC_MSGSEND = YES;
				ENABLE_TESTABILITY = YES;
				GCC_C_LANGUAGE_STANDARD = gnu11;
				GCC_DYNAMIC_NO_PIC = NO;
				GCC_NO_COMMON_BLOCKS = YES;
				GCC_OPTIMIZATION_LEVEL = 0;
				GCC_PREPROCESSOR_DEFINITIONS = (
					"DEBUG=1",
					"$(inherited)",
				);
				GCC_WARN_64_TO_32_BIT_CONVERSION = YES;
				GCC_WARN_ABOUT_RETURN_TYPE = YES_ERROR;
				GCC_WARN_UNDECLARED_SELECTOR = YES;
				GCC_WARN_UNINITIALIZED_AUTOS = YES_AGGRESSIVE;
				GCC_WARN_UNUSED_FUNCTION = YES;
				GCC_WARN_UNUSED_VARIABLE = YES;
				MACOSX_DEPLOYMENT_TARGET = 12.3;
				MTL_ENABLE_DEBUG_INFO = INCLUDE_SOURCE;
				MTL_FAST_MATH = YES;
				ONLY_ACTIVE_ARCH = YES;
				SDKROOT = macosx;
				SWIFT_ACTIVE_COMPILATION_CONDITIONS = DEBUG;
				SWIFT_OPTIMIZATION_LEVEL = "-Onone";
				VERSIONING_SYSTEM = "apple-generic";
				VERSION_INFO_PREFIX = "";
			};
			name = Debug;
		};
		E1B151492904EDC700A3EE36 /* Release */ = {
			isa = XCBuildConfiguration;
			buildSettings = {
				ALWAYS_SEARCH_USER_PATHS = NO;
				CLANG_ANALYZER_NONNULL = YES;
				CLANG_ANALYZER_NUMBER_OBJECT_CONVERSION = YES_AGGRESSIVE;
				CLANG_CXX_LANGUAGE_STANDARD = "gnu++20";
				CLANG_ENABLE_MODULES = YES;
				CLANG_ENABLE_OBJC_ARC = YES;
				CLANG_ENABLE_OBJC_WEAK = YES;
				CLANG_WARN_BLOCK_CAPTURE_AUTORELEASING = YES;
				CLANG_WARN_BOOL_CONVERSION = YES;
				CLANG_WARN_COMMA = YES;
				CLANG_WARN_CONSTANT_CONVERSION = YES;
				CLANG_WARN_DEPRECATED_OBJC_IMPLEMENTATIONS = YES;
				CLANG_WARN_DIRECT_OBJC_ISA_USAGE = YES_ERROR;
				CLANG_WARN_DOCUMENTATION_COMMENTS = YES;
				CLANG_WARN_EMPTY_BODY = YES;
				CLANG_WARN_ENUM_CONVERSION = YES;
				CLANG_WARN_INFINITE_RECURSION = YES;
				CLANG_WARN_INT_CONVERSION = YES;
				CLANG_WARN_NON_LITERAL_NULL_CONVERSION = YES;
				CLANG_WARN_OBJC_IMPLICIT_RETAIN_SELF = YES;
				CLANG_WARN_OBJC_LITERAL_CONVERSION = YES;
				CLANG_WARN_OBJC_ROOT_CLASS = YES_ERROR;
				CLANG_WARN_QUOTED_INCLUDE_IN_FRAMEWORK_HEADER = YES;
				CLANG_WARN_RANGE_LOOP_ANALYSIS = YES;
				CLANG_WARN_STRICT_PROTOTYPES = YES;
				CLANG_WARN_SUSPICIOUS_MOVE = YES;
				CLANG_WARN_UNGUARDED_AVAILABILITY = YES_AGGRESSIVE;
				CLANG_WARN_UNREACHABLE_CODE = YES;
				CLANG_WARN__DUPLICATE_METHOD_MATCH = YES;
				COPY_PHASE_STRIP = NO;
				CURRENT_PROJECT_VERSION = 1;
				DEBUG_INFORMATION_FORMAT = "dwarf-with-dsym";
				ENABLE_NS_ASSERTIONS = NO;
				ENABLE_STRICT_OBJC_MSGSEND = YES;
				GCC_C_LANGUAGE_STANDARD = gnu11;
				GCC_NO_COMMON_BLOCKS = YES;
				GCC_WARN_64_TO_32_BIT_CONVERSION = YES;
				GCC_WARN_ABOUT_RETURN_TYPE = YES_ERROR;
				GCC_WARN_UNDECLARED_SELECTOR = YES;
				GCC_WARN_UNINITIALIZED_AUTOS = YES_AGGRESSIVE;
				GCC_WARN_UNUSED_FUNCTION = YES;
				GCC_WARN_UNUSED_VARIABLE = YES;
				MACOSX_DEPLOYMENT_TARGET = 12.3;
				MTL_ENABLE_DEBUG_INFO = NO;
				MTL_FAST_MATH = YES;
				SDKROOT = macosx;
				SWIFT_COMPILATION_MODE = wholemodule;
				SWIFT_OPTIMIZATION_LEVEL = "-O";
				VERSIONING_SYSTEM = "apple-generic";
				VERSION_INFO_PREFIX = "";
			};
			name = Release;
		};
		E1B1514B2904EDC700A3EE36 /* Debug */ = {
			isa = XCBuildConfiguration;
			buildSettings = {
				CODE_SIGN_STYLE = Automatic;
				COMBINE_HIDPI_IMAGES = YES;
				CURRENT_PROJECT_VERSION = 1;
				DEFINES_MODULE = YES;
				DYLIB_COMPATIBILITY_VERSION = 1;
				DYLIB_CURRENT_VERSION = 1;
				DYLIB_INSTALL_NAME_BASE = "@rpath";
				GENERATE_INFOPLIST_FILE = YES;
				INFOPLIST_KEY_NSHumanReadableCopyright = "";
				INSTALL_PATH = "$(LOCAL_LIBRARY_DIR)/Frameworks";
				LD_RUNPATH_SEARCH_PATHS = (
					"$(inherited)",
					"@executable_path/../Frameworks",
					"@loader_path/Frameworks",
				);
				MARKETING_VERSION = 1.0;
				PRODUCT_BUNDLE_IDENTIFIER = mp.SFSymbolParserGen;
				PRODUCT_NAME = "$(TARGET_NAME:c99extidentifier)";
				SKIP_INSTALL = YES;
				SWIFT_EMIT_LOC_STRINGS = YES;
				SWIFT_VERSION = 5.0;
			};
			name = Debug;
		};
		E1B1514C2904EDC700A3EE36 /* Release */ = {
			isa = XCBuildConfiguration;
			buildSettings = {
				CODE_SIGN_STYLE = Automatic;
				COMBINE_HIDPI_IMAGES = YES;
				CURRENT_PROJECT_VERSION = 1;
				DEFINES_MODULE = YES;
				DYLIB_COMPATIBILITY_VERSION = 1;
				DYLIB_CURRENT_VERSION = 1;
				DYLIB_INSTALL_NAME_BASE = "@rpath";
				GENERATE_INFOPLIST_FILE = YES;
				INFOPLIST_KEY_NSHumanReadableCopyright = "";
				INSTALL_PATH = "$(LOCAL_LIBRARY_DIR)/Frameworks";
				LD_RUNPATH_SEARCH_PATHS = (
					"$(inherited)",
					"@executable_path/../Frameworks",
					"@loader_path/Frameworks",
				);
				MARKETING_VERSION = 1.0;
				PRODUCT_BUNDLE_IDENTIFIER = mp.SFSymbolParserGen;
				PRODUCT_NAME = "$(TARGET_NAME:c99extidentifier)";
				SKIP_INSTALL = YES;
				SWIFT_EMIT_LOC_STRINGS = YES;
				SWIFT_VERSION = 5.0;
			};
			name = Release;
		};
		E1B1514E2904EDC700A3EE36 /* Debug */ = {
			isa = XCBuildConfiguration;
			buildSettings = {
				ALWAYS_EMBED_SWIFT_STANDARD_LIBRARIES = YES;
				CODE_SIGN_STYLE = Automatic;
				CURRENT_PROJECT_VERSION = 1;
				GENERATE_INFOPLIST_FILE = YES;
				MARKETING_VERSION = 1.0;
				PRODUCT_BUNDLE_IDENTIFIER = mp.SFSymbolParserGenTests;
				PRODUCT_NAME = "$(TARGET_NAME)";
				SWIFT_EMIT_LOC_STRINGS = NO;
				SWIFT_VERSION = 5.0;
			};
			name = Debug;
		};
		E1B1514F2904EDC700A3EE36 /* Release */ = {
			isa = XCBuildConfiguration;
			buildSettings = {
				ALWAYS_EMBED_SWIFT_STANDARD_LIBRARIES = YES;
				CODE_SIGN_STYLE = Automatic;
				CURRENT_PROJECT_VERSION = 1;
				GENERATE_INFOPLIST_FILE = YES;
				MARKETING_VERSION = 1.0;
				PRODUCT_BUNDLE_IDENTIFIER = mp.SFSymbolParserGenTests;
				PRODUCT_NAME = "$(TARGET_NAME)";
				SWIFT_EMIT_LOC_STRINGS = NO;
				SWIFT_VERSION = 5.0;
			};
			name = Release;
		};
/* End XCBuildConfiguration section */

/* Begin XCConfigurationList section */
		E1B151302904EDC700A3EE36 /* Build configuration list for PBXProject "SFSymbolParserGen" */ = {
			isa = XCConfigurationList;
			buildConfigurations = (
				E1B151482904EDC700A3EE36 /* Debug */,
				E1B151492904EDC700A3EE36 /* Release */,
			);
			defaultConfigurationIsVisible = 0;
			defaultConfigurationName = Release;
		};
		E1B1514A2904EDC700A3EE36 /* Build configuration list for PBXNativeTarget "SFSymbolParserGen" */ = {
			isa = XCConfigurationList;
			buildConfigurations = (
				E1B1514B2904EDC700A3EE36 /* Debug */,
				E1B1514C2904EDC700A3EE36 /* Release */,
			);
			defaultConfigurationIsVisible = 0;
			defaultConfigurationName = Release;
		};
		E1B1514D2904EDC700A3EE36 /* Build configuration list for PBXNativeTarget "SFSymbolParserGenTests" */ = {
			isa = XCConfigurationList;
			buildConfigurations = (
				E1B1514E2904EDC700A3EE36 /* Debug */,
				E1B1514F2904EDC700A3EE36 /* Release */,
			);
			defaultConfigurationIsVisible = 0;
			defaultConfigurationName = Release;
		};
/* End XCConfigurationList section */

/* Begin XCRemoteSwiftPackageReference section */
		E175C7C0290AD761004BB947 /* XCRemoteSwiftPackageReference "swift-argument-parser" */ = {
			isa = XCRemoteSwiftPackageReference;
			repositoryURL = "https://github.com/apple/swift-argument-parser.git";
			requirement = {
				kind = upToNextMajorVersion;
				minimumVersion = 1.0.0;
			};
		};
/* End XCRemoteSwiftPackageReference section */
	};
	rootObject = E1B1512D2904EDC700A3EE36 /* Project object */;
}
